
Microsoft Visual Studio Solution File, Format Version 12.00
# Visual Studio Version 17
VisualStudioVersion = 17.8.34316.72
MinimumVisualStudioVersion = 10.0.40219.1
Project("{888888A0-9F3D-457C-B088-3A5042F75D52}") = "Chatbot1", "Chatbot1\Chatbot1.pyproj", "{EFE2177B-0D1A-4866-921D-EC9767E20BCB}"
EndProject
Global
	GlobalSection(SolutionConfigurationPlatforms) = preSolution
		Debug|Any CPU = Debug|Any CPU
		Release|Any CPU = Release|Any CPU
	EndGlobalSection
	GlobalSection(ProjectConfigurationPlatforms) = postSolution
		{EFE2177B-0D1A-4866-921D-EC9767E20BCB}.Debug|Any CPU.ActiveCfg = Debug|Any CPU
		{EFE2177B-0D1A-4866-921D-EC9767E20BCB}.Release|Any CPU.ActiveCfg = Release|Any CPU
	EndGlobalSection
	GlobalSection(SolutionProperties) = preSolution
		HideSolutionNode = FALSE
	EndGlobalSection
	GlobalSection(ExtensibilityGlobals) = postSolution
		SolutionGuid = {95B8EA2A-C8D9-40A8-8522-12885CCC8321}
	EndGlobalSection
EndGlobal
